
Microsoft Visual Studio Solution File, Format Version 12.00
# Visual Studio Version 16
VisualStudioVersion = 16.0.30621.155
MinimumVisualStudioVersion = 10.0.40219.1
Project("{9A19103F-16F7-4668-BE54-9A1E7A4F7556}") = "Cafe.Console", "Cafe.Console\Cafe.Console.csproj", "{EFCFF45F-E6E6-4DCC-911F-91270E24FBC7}"
EndProject
Project("{9A19103F-16F7-4668-BE54-9A1E7A4F7556}") = "Cafe.Core", "Cafe.Core\Cafe.Core.csproj", "{E8344FD6-B457-4D38-8F89-FFA4BC6317FA}"
EndProject
Project("{9A19103F-16F7-4668-BE54-9A1E7A4F7556}") = "Cafe.Services", "Cafe.Services\Cafe.Services.csproj", "{A0A9721D-BC37-4E38-80D0-1F99555BFB17}"
EndProject
Project("{9A19103F-16F7-4668-BE54-9A1E7A4F7556}") = "Cafe.Testing.NUnit", "Cafe.Testing.NUnit\Cafe.Testing.NUnit.csproj", "{05B95666-BF16-43BC-89D8-08146682F802}"
EndProject
Project("{2150E333-8FDC-42A3-9474-1A3956D46DE8}") = "WikiResources", "WikiResources", "{9FB6BF77-A81C-4F0A-8CC2-5823D9231D34}"
	ProjectSection(SolutionItems) = preProject
		Preview.bmp = Preview.bmp
	EndProjectSection
EndProject
Global
	GlobalSection(SolutionConfigurationPlatforms) = preSolution
		Debug|Any CPU = Debug|Any CPU
		Release|Any CPU = Release|Any CPU
	EndGlobalSection
	GlobalSection(ProjectConfigurationPlatforms) = postSolution
		{EFCFF45F-E6E6-4DCC-911F-91270E24FBC7}.Debug|Any CPU.ActiveCfg = Debug|Any CPU
		{EFCFF45F-E6E6-4DCC-911F-91270E24FBC7}.Debug|Any CPU.Build.0 = Debug|Any CPU
		{EFCFF45F-E6E6-4DCC-911F-91270E24FBC7}.Release|Any CPU.ActiveCfg = Release|Any CPU
		{EFCFF45F-E6E6-4DCC-911F-91270E24FBC7}.Release|Any CPU.Build.0 = Release|Any CPU
		{E8344FD6-B457-4D38-8F89-FFA4BC6317FA}.Debug|Any CPU.ActiveCfg = Debug|Any CPU
		{E8344FD6-B457-4D38-8F89-FFA4BC6317FA}.Debug|Any CPU.Build.0 = Debug|Any CPU
		{E8344FD6-B457-4D38-8F89-FFA4BC6317FA}.Release|Any CPU.ActiveCfg = Release|Any CPU
		{E8344FD6-B457-4D38-8F89-FFA4BC6317FA}.Release|Any CPU.Build.0 = Release|Any CPU
		{A0A9721D-BC37-4E38-80D0-1F99555BFB17}.Debug|Any CPU.ActiveCfg = Debug|Any CPU
		{A0A9721D-BC37-4E38-80D0-1F99555BFB17}.Debug|Any CPU.Build.0 = Debug|Any CPU
		{A0A9721D-BC37-4E38-80D0-1F99555BFB17}.Release|Any CPU.ActiveCfg = Release|Any CPU
		{A0A9721D-BC37-4E38-80D0-1F99555BFB17}.Release|Any CPU.Build.0 = Release|Any CPU
		{05B95666-BF16-43BC-89D8-08146682F802}.Debug|Any CPU.ActiveCfg = Debug|Any CPU
		{05B95666-BF16-43BC-89D8-08146682F802}.Debug|Any CPU.Build.0 = Debug|Any CPU
		{05B95666-BF16-43BC-89D8-08146682F802}.Release|Any CPU.ActiveCfg = Release|Any CPU
		{05B95666-BF16-43BC-89D8-08146682F802}.Release|Any CPU.Build.0 = Release|Any CPU
	EndGlobalSection
	GlobalSection(SolutionProperties) = preSolution
		HideSolutionNode = FALSE
	EndGlobalSection
	GlobalSection(ExtensibilityGlobals) = postSolution
		SolutionGuid = {58D3D341-5A03-4A48-B6FF-FA4B3ED52B92}
	EndGlobalSection
EndGlobal
